
Microsoft Visual Studio Solution File, Format Version 11.00
# Visual Studio 2010
Project("{00000000-0000-0000-0000-000000000000}") = "CustomWebPart", "CustomWebPart\CustomWebPart.csproj", "{A46B23E3-433D-4536-9EF4-3C4C5659E8D2}"
EndProject
Global
	GlobalSection(SolutionConfigurationPlatforms) = preSolution
		Debug|Any CPU = Debug|Any CPU
		Release|Any CPU = Release|Any CPU
	EndGlobalSection
	GlobalSection(ProjectConfigurationPlatforms) = postSolution
		{A46B23E3-433D-4536-9EF4-3C4C5659E8D2}.Debug|Any CPU.ActiveCfg = Debug|Any CPU
		{A46B23E3-433D-4536-9EF4-3C4C5659E8D2}.Debug|Any CPU.Build.0 = Debug|Any CPU
		{A46B23E3-433D-4536-9EF4-3C4C5659E8D2}.Release|Any CPU.ActiveCfg = Release|Any CPU
		{A46B23E3-433D-4536-9EF4-3C4C5659E8D2}.Release|Any CPU.Build.0 = Release|Any CPU
	EndGlobalSection
	GlobalSection(SolutionProperties) = preSolution
		HideSolutionNode = FALSE
	EndGlobalSection
EndGlobal
